{
  "nodes": {
    "moppkgs": {
      "inputs": {
        "nixpkgs": [
          "nixpkgs"
        ]
      },
      "locked": {
        "lastModified": 1782588036,
        "narHash": "sha256-P9Yo/RUkpZ/DG9codcNFxcVetpFSaIUlTFdUzcUN+kw=",
        "owner": "Mop-u",
        "repo": "moppkgs",
        "rev": "932a32eee47ec26372da474ae4397fdd745f26a8",
        "type": "github"
      },
      "original": {
        "owner": "Mop-u",
        "repo": "moppkgs",
        "type": "github"
      }
    },
    "nixpkgs": {
      "locked": {
        "lastModified": 1780749050,
        "narHash": "sha256-3av0pIjlOWQ6rDbNOmpUSvbNnJkGORQKKjb4LtCZsIY=",
        "owner": "Nixos",
        "repo": "nixpkgs",
        "rev": "a799d3e3886da994fa307f817a6bc705ae538eeb",
        "type": "github"
      },
      "original": {
        "owner": "Nixos",
        "ref": "nixos-unstable",
        "repo": "nixpkgs",
        "type": "github"
      }
    },
    "root": {
      "inputs": {
        "moppkgs": "moppkgs",
        "nixpkgs": "nixpkgs"
      }
    }
  },
  "root": "root",
  "version": 7
}
